
Microsoft Visual Studio Solution File, Format Version 12.00
# Visual Studio 15
VisualStudioVersion = 15.0.28307.438
MinimumVisualStudioVersion = 10.0.40219.1
Project("{FAE04EC0-301F-11D3-BF4B-00C04F79EFBC}") = "Homework_3", "Homework_3\Homework_3.csproj", "{A493DEEC-DA42-4BE8-85E9-8723A9DFA91F}"
EndProject
Global
	GlobalSection(SolutionConfigurationPlatforms) = preSolution
		Debug|Any CPU = Debug|Any CPU
		Release|Any CPU = Release|Any CPU
	EndGlobalSection
	GlobalSection(ProjectConfigurationPlatforms) = postSolution
		{A493DEEC-DA42-4BE8-85E9-8723A9DFA91F}.Debug|Any CPU.ActiveCfg = Debug|Any CPU
		{A493DEEC-DA42-4BE8-85E9-8723A9DFA91F}.Debug|Any CPU.Build.0 = Debug|Any CPU
		{A493DEEC-DA42-4BE8-85E9-8723A9DFA91F}.Release|Any CPU.ActiveCfg = Release|Any CPU
		{A493DEEC-DA42-4BE8-85E9-8723A9DFA91F}.Release|Any CPU.Build.0 = Release|Any CPU
	EndGlobalSection
	GlobalSection(SolutionProperties) = preSolution
		HideSolutionNode = FALSE
	EndGlobalSection
	GlobalSection(ExtensibilityGlobals) = postSolution
		SolutionGuid = {C299A8A2-4921-433F-84EC-665C6FDB23B5}
	EndGlobalSection
EndGlobal
