
Microsoft Visual Studio Solution File, Format Version 12.00
# Visual Studio 15
VisualStudioVersion = 15.0.28307.438
MinimumVisualStudioVersion = 10.0.40219.1
Project("{FAE04EC0-301F-11D3-BF4B-00C04F79EFBC}") = "project_1", "project_1\project_1.csproj", "{9C6A0FD6-D370-44D1-A096-C3844B6E0124}"
EndProject
Project("{FAE04EC0-301F-11D3-BF4B-00C04F79EFBC}") = "project_2_1", "project_2\project_2_1.csproj", "{B6C7C0D7-2998-45EB-8228-DAB6D36AE385}"
EndProject
Project("{FAE04EC0-301F-11D3-BF4B-00C04F79EFBC}") = "project_2_2", "project_2_2\project_2_2.csproj", "{81E9215E-3274-4737-BBE0-51418A8AB4E9}"
EndProject
Project("{FAE04EC0-301F-11D3-BF4B-00C04F79EFBC}") = "project_2_3", "project_2_3\project_2_3.csproj", "{30765C0B-5EA3-4CCD-8F0D-069B8A1EE394}"
EndProject
Project("{FAE04EC0-301F-11D3-BF4B-00C04F79EFBC}") = "project_2_4", "project_2_4\project_2_4.csproj", "{A2CCFDBF-A470-48DF-9821-E173AC608D96}"
EndProject
Global
	GlobalSection(SolutionConfigurationPlatforms) = preSolution
		Debug|Any CPU = Debug|Any CPU
		Release|Any CPU = Release|Any CPU
	EndGlobalSection
	GlobalSection(ProjectConfigurationPlatforms) = postSolution
		{9C6A0FD6-D370-44D1-A096-C3844B6E0124}.Debug|Any CPU.ActiveCfg = Debug|Any CPU
		{9C6A0FD6-D370-44D1-A096-C3844B6E0124}.Debug|Any CPU.Build.0 = Debug|Any CPU
		{9C6A0FD6-D370-44D1-A096-C3844B6E0124}.Release|Any CPU.ActiveCfg = Release|Any CPU
		{9C6A0FD6-D370-44D1-A096-C3844B6E0124}.Release|Any CPU.Build.0 = Release|Any CPU
		{B6C7C0D7-2998-45EB-8228-DAB6D36AE385}.Debug|Any CPU.ActiveCfg = Debug|Any CPU
		{B6C7C0D7-2998-45EB-8228-DAB6D36AE385}.Debug|Any CPU.Build.0 = Debug|Any CPU
		{B6C7C0D7-2998-45EB-8228-DAB6D36AE385}.Release|Any CPU.ActiveCfg = Release|Any CPU
		{B6C7C0D7-2998-45EB-8228-DAB6D36AE385}.Release|Any CPU.Build.0 = Release|Any CPU
		{81E9215E-3274-4737-BBE0-51418A8AB4E9}.Debug|Any CPU.ActiveCfg = Debug|Any CPU
		{81E9215E-3274-4737-BBE0-51418A8AB4E9}.Debug|Any CPU.Build.0 = Debug|Any CPU
		{81E9215E-3274-4737-BBE0-51418A8AB4E9}.Release|Any CPU.ActiveCfg = Release|Any CPU
		{81E9215E-3274-4737-BBE0-51418A8AB4E9}.Release|Any CPU.Build.0 = Release|Any CPU
		{30765C0B-5EA3-4CCD-8F0D-069B8A1EE394}.Debug|Any CPU.ActiveCfg = Debug|Any CPU
		{30765C0B-5EA3-4CCD-8F0D-069B8A1EE394}.Debug|Any CPU.Build.0 = Debug|Any CPU
		{30765C0B-5EA3-4CCD-8F0D-069B8A1EE394}.Release|Any CPU.ActiveCfg = Release|Any CPU
		{30765C0B-5EA3-4CCD-8F0D-069B8A1EE394}.Release|Any CPU.Build.0 = Release|Any CPU
		{A2CCFDBF-A470-48DF-9821-E173AC608D96}.Debug|Any CPU.ActiveCfg = Debug|Any CPU
		{A2CCFDBF-A470-48DF-9821-E173AC608D96}.Debug|Any CPU.Build.0 = Debug|Any CPU
		{A2CCFDBF-A470-48DF-9821-E173AC608D96}.Release|Any CPU.ActiveCfg = Release|Any CPU
		{A2CCFDBF-A470-48DF-9821-E173AC608D96}.Release|Any CPU.Build.0 = Release|Any CPU
	EndGlobalSection
	GlobalSection(SolutionProperties) = preSolution
		HideSolutionNode = FALSE
	EndGlobalSection
	GlobalSection(ExtensibilityGlobals) = postSolution
		SolutionGuid = {1156A7AB-C9B6-4316-9623-08CD283CD940}
	EndGlobalSection
EndGlobal
