
Microsoft Visual Studio Solution File, Format Version 12.00
# Visual Studio 15
VisualStudioVersion = 15.0.28307.438
MinimumVisualStudioVersion = 10.0.40219.1
Project("{FAE04EC0-301F-11D3-BF4B-00C04F79EFBC}") = "MyProject", "MyProject\MyProject.csproj", "{362C9127-5CD5-4C48-938F-0B837128D2B5}"
EndProject
Global
	GlobalSection(SolutionConfigurationPlatforms) = preSolution
		Debug|Any CPU = Debug|Any CPU
		Release|Any CPU = Release|Any CPU
	EndGlobalSection
	GlobalSection(ProjectConfigurationPlatforms) = postSolution
		{362C9127-5CD5-4C48-938F-0B837128D2B5}.Debug|Any CPU.ActiveCfg = Debug|Any CPU
		{362C9127-5CD5-4C48-938F-0B837128D2B5}.Debug|Any CPU.Build.0 = Debug|Any CPU
		{362C9127-5CD5-4C48-938F-0B837128D2B5}.Release|Any CPU.ActiveCfg = Release|Any CPU
		{362C9127-5CD5-4C48-938F-0B837128D2B5}.Release|Any CPU.Build.0 = Release|Any CPU
	EndGlobalSection
	GlobalSection(SolutionProperties) = preSolution
		HideSolutionNode = FALSE
	EndGlobalSection
	GlobalSection(ExtensibilityGlobals) = postSolution
		SolutionGuid = {DF81BA89-FEC9-431D-96C4-D122CCDB173E}
	EndGlobalSection
EndGlobal
